
Microsoft Visual Studio Solution File, Format Version 12.00
Project("{FAE04EC0-301F-11D3-BF4B-00C04F79EFBC}") = "Game.Characters", "Game.Characters\Game.Characters.csproj", "{B1BC48EA-A5B8-4973-90D6-EB616B32092E}"
EndProject
Project("{FAE04EC0-301F-11D3-BF4B-00C04F79EFBC}") = "Game.BattleSystem", "Game.BattleSystem\Game.BattleSystem.csproj", "{B666A38C-2B64-4B2A-BA6D-15FAEC1831DA}"
EndProject
Project("{FAE04EC0-301F-11D3-BF4B-00C04F79EFBC}") = "Game.Base", "Game.Base\Game.Base.csproj", "{41F0CFB1-F423-41B2-A7DB-EFCF7E1207C0}"
EndProject
Project("{FAE04EC0-301F-11D3-BF4B-00C04F79EFBC}") = "Game.BattleSystem.Tests", "Game.BattleSystem.Tests\Game.BattleSystem.Tests.csproj", "{29A24A61-772E-436C-A57B-64599812BC7E}"
EndProject
Project("{FAE04EC0-301F-11D3-BF4B-00C04F79EFBC}") = "Game.Inventories", "Game.Inventories\Game.Inventories.csproj", "{0EAA5DC4-A95D-48CD-B424-CC856CEF6B87}"
EndProject
Project("{FAE04EC0-301F-11D3-BF4B-00C04F79EFBC}") = "Game.ProgressionSystem", "Game.ProgressionSystem\Game.ProgressionSystem.csproj", "{2051E56D-91D1-4648-A949-C59F7022253A}"
EndProject
Project("{FAE04EC0-301F-11D3-BF4B-00C04F79EFBC}") = "Game.Buildings", "Game.Buildings\Game.Buildings.csproj", "{5A3FD517-5B5E-447E-BEE0-D04AA70E7151}"
EndProject
Project("{FAE04EC0-301F-11D3-BF4B-00C04F79EFBC}") = "Game.Common", "Game.Common\Game.Common.csproj", "{8DBFBD6C-5891-48D7-9092-94DF9BC186A6}"
EndProject
Project("{FAE04EC0-301F-11D3-BF4B-00C04F79EFBC}") = "Game.Skills", "Game.Skills\Game.Skills.csproj", "{9EA9843E-AEEE-4445-84DF-58C5AADE9A0C}"
EndProject
Global
	GlobalSection(SolutionConfigurationPlatforms) = preSolution
		Debug|Any CPU = Debug|Any CPU
		Release|Any CPU = Release|Any CPU
	EndGlobalSection
	GlobalSection(ProjectConfigurationPlatforms) = postSolution
		{B1BC48EA-A5B8-4973-90D6-EB616B32092E}.Debug|Any CPU.ActiveCfg = Debug|Any CPU
		{B1BC48EA-A5B8-4973-90D6-EB616B32092E}.Debug|Any CPU.Build.0 = Debug|Any CPU
		{B1BC48EA-A5B8-4973-90D6-EB616B32092E}.Release|Any CPU.ActiveCfg = Release|Any CPU
		{B1BC48EA-A5B8-4973-90D6-EB616B32092E}.Release|Any CPU.Build.0 = Release|Any CPU
		{B666A38C-2B64-4B2A-BA6D-15FAEC1831DA}.Debug|Any CPU.ActiveCfg = Debug|Any CPU
		{B666A38C-2B64-4B2A-BA6D-15FAEC1831DA}.Debug|Any CPU.Build.0 = Debug|Any CPU
		{B666A38C-2B64-4B2A-BA6D-15FAEC1831DA}.Release|Any CPU.ActiveCfg = Release|Any CPU
		{B666A38C-2B64-4B2A-BA6D-15FAEC1831DA}.Release|Any CPU.Build.0 = Release|Any CPU
		{41F0CFB1-F423-41B2-A7DB-EFCF7E1207C0}.Debug|Any CPU.ActiveCfg = Debug|Any CPU
		{41F0CFB1-F423-41B2-A7DB-EFCF7E1207C0}.Debug|Any CPU.Build.0 = Debug|Any CPU
		{41F0CFB1-F423-41B2-A7DB-EFCF7E1207C0}.Release|Any CPU.ActiveCfg = Release|Any CPU
		{41F0CFB1-F423-41B2-A7DB-EFCF7E1207C0}.Release|Any CPU.Build.0 = Release|Any CPU
		{29A24A61-772E-436C-A57B-64599812BC7E}.Debug|Any CPU.ActiveCfg = Debug|Any CPU
		{29A24A61-772E-436C-A57B-64599812BC7E}.Debug|Any CPU.Build.0 = Debug|Any CPU
		{29A24A61-772E-436C-A57B-64599812BC7E}.Release|Any CPU.ActiveCfg = Release|Any CPU
		{29A24A61-772E-436C-A57B-64599812BC7E}.Release|Any CPU.Build.0 = Release|Any CPU
		{0EAA5DC4-A95D-48CD-B424-CC856CEF6B87}.Debug|Any CPU.ActiveCfg = Debug|Any CPU
		{0EAA5DC4-A95D-48CD-B424-CC856CEF6B87}.Debug|Any CPU.Build.0 = Debug|Any CPU
		{0EAA5DC4-A95D-48CD-B424-CC856CEF6B87}.Release|Any CPU.ActiveCfg = Release|Any CPU
		{0EAA5DC4-A95D-48CD-B424-CC856CEF6B87}.Release|Any CPU.Build.0 = Release|Any CPU
		{2051E56D-91D1-4648-A949-C59F7022253A}.Debug|Any CPU.ActiveCfg = Debug|Any CPU
		{2051E56D-91D1-4648-A949-C59F7022253A}.Debug|Any CPU.Build.0 = Debug|Any CPU
		{2051E56D-91D1-4648-A949-C59F7022253A}.Release|Any CPU.ActiveCfg = Release|Any CPU
		{2051E56D-91D1-4648-A949-C59F7022253A}.Release|Any CPU.Build.0 = Release|Any CPU
		{5A3FD517-5B5E-447E-BEE0-D04AA70E7151}.Debug|Any CPU.ActiveCfg = Debug|Any CPU
		{5A3FD517-5B5E-447E-BEE0-D04AA70E7151}.Debug|Any CPU.Build.0 = Debug|Any CPU
		{5A3FD517-5B5E-447E-BEE0-D04AA70E7151}.Release|Any CPU.ActiveCfg = Release|Any CPU
		{5A3FD517-5B5E-447E-BEE0-D04AA70E7151}.Release|Any CPU.Build.0 = Release|Any CPU
		{8DBFBD6C-5891-48D7-9092-94DF9BC186A6}.Debug|Any CPU.ActiveCfg = Debug|Any CPU
		{8DBFBD6C-5891-48D7-9092-94DF9BC186A6}.Debug|Any CPU.Build.0 = Debug|Any CPU
		{8DBFBD6C-5891-48D7-9092-94DF9BC186A6}.Release|Any CPU.ActiveCfg = Release|Any CPU
		{8DBFBD6C-5891-48D7-9092-94DF9BC186A6}.Release|Any CPU.Build.0 = Release|Any CPU
		{9EA9843E-AEEE-4445-84DF-58C5AADE9A0C}.Debug|Any CPU.ActiveCfg = Debug|Any CPU
		{9EA9843E-AEEE-4445-84DF-58C5AADE9A0C}.Debug|Any CPU.Build.0 = Debug|Any CPU
		{9EA9843E-AEEE-4445-84DF-58C5AADE9A0C}.Release|Any CPU.ActiveCfg = Release|Any CPU
		{9EA9843E-AEEE-4445-84DF-58C5AADE9A0C}.Release|Any CPU.Build.0 = Release|Any CPU
	EndGlobalSection
EndGlobal
